
Microsoft Visual Studio Solution File, Format Version 12.00
# Visual Studio Version 17
VisualStudioVersion = 17.4.33103.184
MinimumVisualStudioVersion = 10.0.40219.1
Project("{FAE04EC0-301F-11D3-BF4B-00C04F79EFBC}") = "shppoingAPP_EF", "shppoingAPP_EF\shppoingAPP_EF.csproj", "{32753E13-6B14-43C8-957E-0D71E6879B93}"
EndProject
Global
	GlobalSection(SolutionConfigurationPlatforms) = preSolution
		Debug|Any CPU = Debug|Any CPU
		Release|Any CPU = Release|Any CPU
	EndGlobalSection
	GlobalSection(ProjectConfigurationPlatforms) = postSolution
		{32753E13-6B14-43C8-957E-0D71E6879B93}.Debug|Any CPU.ActiveCfg = Debug|Any CPU
		{32753E13-6B14-43C8-957E-0D71E6879B93}.Debug|Any CPU.Build.0 = Debug|Any CPU
		{32753E13-6B14-43C8-957E-0D71E6879B93}.Release|Any CPU.ActiveCfg = Release|Any CPU
		{32753E13-6B14-43C8-957E-0D71E6879B93}.Release|Any CPU.Build.0 = Release|Any CPU
	EndGlobalSection
	GlobalSection(SolutionProperties) = preSolution
		HideSolutionNode = FALSE
	EndGlobalSection
	GlobalSection(ExtensibilityGlobals) = postSolution
		SolutionGuid = {A65CA06D-F4E2-48CC-ACB0-A70CB55916C2}
	EndGlobalSection
EndGlobal
