
Microsoft Visual Studio Solution File, Format Version 12.00
# Visual Studio Version 17
VisualStudioVersion = 17.4.33103.184
MinimumVisualStudioVersion = 10.0.40219.1
Project("{FAE04EC0-301F-11D3-BF4B-00C04F79EFBC}") = "apitestproject", "apitestproject\apitestproject.csproj", "{7CE6D9B4-636B-4FD4-91C6-81CD22EFEB37}"
EndProject
Global
	GlobalSection(SolutionConfigurationPlatforms) = preSolution
		Debug|Any CPU = Debug|Any CPU
		Release|Any CPU = Release|Any CPU
	EndGlobalSection
	GlobalSection(ProjectConfigurationPlatforms) = postSolution
		{7CE6D9B4-636B-4FD4-91C6-81CD22EFEB37}.Debug|Any CPU.ActiveCfg = Debug|Any CPU
		{7CE6D9B4-636B-4FD4-91C6-81CD22EFEB37}.Debug|Any CPU.Build.0 = Debug|Any CPU
		{7CE6D9B4-636B-4FD4-91C6-81CD22EFEB37}.Release|Any CPU.ActiveCfg = Release|Any CPU
		{7CE6D9B4-636B-4FD4-91C6-81CD22EFEB37}.Release|Any CPU.Build.0 = Release|Any CPU
	EndGlobalSection
	GlobalSection(SolutionProperties) = preSolution
		HideSolutionNode = FALSE
	EndGlobalSection
	GlobalSection(ExtensibilityGlobals) = postSolution
		SolutionGuid = {23867733-AF43-4096-A10B-D666D3CD5108}
	EndGlobalSection
EndGlobal
