
Microsoft Visual Studio Solution File, Format Version 12.00
# Visual Studio Version 17
VisualStudioVersion = 17.4.33103.184
MinimumVisualStudioVersion = 10.0.40219.1
Project("{FAE04EC0-301F-11D3-BF4B-00C04F79EFBC}") = "shoppingAPPMVC_2", "shoppingAPPMVC_2\shoppingAPPMVC_2.csproj", "{789A4A5B-A070-422D-8B57-AB50BFCC40CD}"
EndProject
Global
	GlobalSection(SolutionConfigurationPlatforms) = preSolution
		Debug|Any CPU = Debug|Any CPU
		Release|Any CPU = Release|Any CPU
	EndGlobalSection
	GlobalSection(ProjectConfigurationPlatforms) = postSolution
		{789A4A5B-A070-422D-8B57-AB50BFCC40CD}.Debug|Any CPU.ActiveCfg = Debug|Any CPU
		{789A4A5B-A070-422D-8B57-AB50BFCC40CD}.Debug|Any CPU.Build.0 = Debug|Any CPU
		{789A4A5B-A070-422D-8B57-AB50BFCC40CD}.Release|Any CPU.ActiveCfg = Release|Any CPU
		{789A4A5B-A070-422D-8B57-AB50BFCC40CD}.Release|Any CPU.Build.0 = Release|Any CPU
	EndGlobalSection
	GlobalSection(SolutionProperties) = preSolution
		HideSolutionNode = FALSE
	EndGlobalSection
	GlobalSection(ExtensibilityGlobals) = postSolution
		SolutionGuid = {99BE88E6-3C4D-41BB-B567-618F54883903}
	EndGlobalSection
EndGlobal
